{
  "name": "ac-san-webpack",
  "version": "0.0.1",
  "lockfileVersion": 2,
  "requires": true,
  "packages": {
    "": {
      "version": "0.0.1",
      "hasInstallScript": true,
      "devDependencies": {
        "dprint": "^0.15.4"
      }
    },
    "node_modules/dprint": {
      "version": "0.15.4",
      "resolved": "https://registry.npmjs.org/dprint/-/dprint-0.15.4.tgz",
      "integrity": "sha512-VQBDKa7bqYfN1aeVU1BzXp/FUT/jh3nmmQAH8EuDmjZE7Z4lh5H4YjMyUyIicNQxAG5rJF0Z8ZOe2nVzxl+cQg==",
      "dev": true,
      "hasInstallScript": true,
      "bin": {
        "dprint": "bin.js"
      }
    }
  },
  "dependencies": {
    "dprint": {
      "version": "0.15.4",
      "resolved": "https://registry.npmjs.org/dprint/-/dprint-0.15.4.tgz",
      "integrity": "sha512-VQBDKa7bqYfN1aeVU1BzXp/FUT/jh3nmmQAH8EuDmjZE7Z4lh5H4YjMyUyIicNQxAG5rJF0Z8ZOe2nVzxl+cQg==",
      "dev": true
    }
  }
}
